
Microsoft Visual Studio Solution File, Format Version 12.00
# Visual Studio Version 17
VisualStudioVersion = 17.7.34202.233
MinimumVisualStudioVersion = 10.0.40219.1
Project("{FAE04EC0-301F-11D3-BF4B-00C04F79EFBC}") = "CTS_DEPENDENCY_ERROR", "CTS_DEPENDENCY_ERROR\CTS_DEPENDENCY_ERROR.csproj", "{EF84AC60-DA1B-4773-9730-96C58EBF54FC}"
EndProject
Global
	GlobalSection(SolutionConfigurationPlatforms) = preSolution
		Debug|x64 = Debug|x64
		Release|x64 = Release|x64
	EndGlobalSection
	GlobalSection(ProjectConfigurationPlatforms) = postSolution
		{EF84AC60-DA1B-4773-9730-96C58EBF54FC}.Debug|x64.ActiveCfg = Debug|x64
		{EF84AC60-DA1B-4773-9730-96C58EBF54FC}.Debug|x64.Build.0 = Debug|x64
		{EF84AC60-DA1B-4773-9730-96C58EBF54FC}.Release|x64.ActiveCfg = Release|x64
		{EF84AC60-DA1B-4773-9730-96C58EBF54FC}.Release|x64.Build.0 = Release|x64
	EndGlobalSection
	GlobalSection(SolutionProperties) = preSolution
		HideSolutionNode = FALSE
	EndGlobalSection
	GlobalSection(ExtensibilityGlobals) = postSolution
		SolutionGuid = {E8DDCA8B-3443-4D33-BA59-BB7A276EC2C4}
	EndGlobalSection
EndGlobal
